{
  "name": "bmn986.github.io",
  "version": "1.0.0",
  "lockfileVersion": 3,
  "requires": true,
  "packages": {
    "": {
      "name": "bmn986.github.io",
      "version": "1.0.0",
      "license": "ISC",
      "dependencies": {
        "lusca": "^1.7.0"
      }
    },
    "node_modules/lusca": {
      "version": "1.7.0",
      "resolved": "https://registry.npmjs.org/lusca/-/lusca-1.7.0.tgz",
      "integrity": "sha512-msnrplCfY7zaqlZBDEloCIKld+RUeMZVeWzSPaGUKeRXFlruNSdKg2XxCyR+zj6BqzcXhXlRnvcvx6rAGgsvMA==",
      "dependencies": {
        "tsscmp": "^1.0.5"
      },
      "engines": {
        "node": ">=0.8.x"
      }
    },
    "node_modules/tsscmp": {
      "version": "1.0.6",
      "resolved": "https://registry.npmjs.org/tsscmp/-/tsscmp-1.0.6.tgz",
      "integrity": "sha512-LxhtAkPDTkVCMQjt2h6eBVY28KCjikZqZfMcC15YBeNjkgUpdCfBu5HoiOTDu86v6smE8yOjyEktJ8hlbANHQA==",
      "engines": {
        "node": ">=0.6.x"
      }
    }
  }
}
